
Microsoft Visual Studio Solution File, Format Version 12.00
# Visual Studio Version 17
VisualStudioVersion = 17.10.34916.146
MinimumVisualStudioVersion = 10.0.40219.1
Project("{FAE04EC0-301F-11D3-BF4B-00C04F79EFBC}") = "Music.Domain", "src\Music\Music.Domain\Music.Domain.csproj", "{CB6EB10D-1ECA-478B-BDCF-DF1548354D08}"
EndProject
Project("{2150E333-8FDC-42A3-9474-1A3956D46DE8}") = "Music", "Music", "{F6B55E02-9D5F-4489-B0FA-CB95F467B186}"
EndProject
Project("{FAE04EC0-301F-11D3-BF4B-00C04F79EFBC}") = "Framework", "Framework\Framework.csproj", "{14456F16-1494-4F71-8085-C99A9F4A0F24}"
EndProject
Global
	GlobalSection(SolutionConfigurationPlatforms) = preSolution
		Debug|Any CPU = Debug|Any CPU
		Release|Any CPU = Release|Any CPU
	EndGlobalSection
	GlobalSection(ProjectConfigurationPlatforms) = postSolution
		{CB6EB10D-1ECA-478B-BDCF-DF1548354D08}.Debug|Any CPU.ActiveCfg = Debug|Any CPU
		{CB6EB10D-1ECA-478B-BDCF-DF1548354D08}.Debug|Any CPU.Build.0 = Debug|Any CPU
		{CB6EB10D-1ECA-478B-BDCF-DF1548354D08}.Release|Any CPU.ActiveCfg = Release|Any CPU
		{CB6EB10D-1ECA-478B-BDCF-DF1548354D08}.Release|Any CPU.Build.0 = Release|Any CPU
		{14456F16-1494-4F71-8085-C99A9F4A0F24}.Debug|Any CPU.ActiveCfg = Debug|Any CPU
		{14456F16-1494-4F71-8085-C99A9F4A0F24}.Debug|Any CPU.Build.0 = Debug|Any CPU
		{14456F16-1494-4F71-8085-C99A9F4A0F24}.Release|Any CPU.ActiveCfg = Release|Any CPU
		{14456F16-1494-4F71-8085-C99A9F4A0F24}.Release|Any CPU.Build.0 = Release|Any CPU
	EndGlobalSection
	GlobalSection(SolutionProperties) = preSolution
		HideSolutionNode = FALSE
	EndGlobalSection
	GlobalSection(NestedProjects) = preSolution
		{CB6EB10D-1ECA-478B-BDCF-DF1548354D08} = {F6B55E02-9D5F-4489-B0FA-CB95F467B186}
	EndGlobalSection
	GlobalSection(ExtensibilityGlobals) = postSolution
		SolutionGuid = {A38AA8E5-EA1A-48B7-9595-F98F45140AC9}
	EndGlobalSection
EndGlobal
